// !$*UTF8*$!
{
	archiveVersion = 1;
	classes = {
	};
	objectVersion = 46;
	objects = {

/* Begin PBXBuildFile section */
		AB6822F71A805CD900E5E465 /* grid.cpp in Sources */ = {isa = PBXBuildFile; fileRef = AB6822F21A805CD900E5E465 /* grid.cpp */; };
		AB6822F81A805CD900E5E465 /* main.cpp in Sources */ = {isa = PBXBuildFile; fileRef = AB6822F41A805CD900E5E465 /* main.cpp */; };
		AB6822F91A805CD900E5E465 /* wordList.cpp in Sources */ = {isa = PBXBuildFile; fileRef = AB6822F51A805CD900E5E465 /* wordList.cpp */; };
/* End PBXBuildFile section */

/* Begin PBXCopyFilesBuildPhase section */
		AB6822E61A805BF700E5E465 /* CopyFiles */ = {
			isa = PBXCopyFilesBuildPhase;
			buildActionMask = 2147483647;
			dstPath = /usr/share/man/man1/;
			dstSubfolderSpec = 0;
			files = (
			);
			runOnlyForDeploymentPostprocessing = 1;
		};
/* End PBXCopyFilesBuildPhase section */

/* Begin PBXFileReference section */
		AB19E7771A8406F400EFFF5A /* d_matrix.h */ = {isa = PBXFileReference; lastKnownFileType = sourcecode.c.h; path = d_matrix.h; sourceTree = "<group>"; };
		AB19E7781A84083800EFFF5A /* d_except.h */ = {isa = PBXFileReference; lastKnownFileType = sourcecode.c.h; path = d_except.h; sourceTree = "<group>"; };
		AB6822E81A805BF700E5E465 /* Word Search */ = {isa = PBXFileReference; explicitFileType = "compiled.mach-o.executable"; includeInIndex = 0; path = "Word Search"; sourceTree = BUILT_PRODUCTS_DIR; };
		AB6822F21A805CD900E5E465 /* grid.cpp */ = {isa = PBXFileReference; fileEncoding = 4; lastKnownFileType = sourcecode.cpp.cpp; path = grid.cpp; sourceTree = "<group>"; };
		AB6822F31A805CD900E5E465 /* grid.h */ = {isa = PBXFileReference; fileEncoding = 4; lastKnownFileType = sourcecode.c.h; path = grid.h; sourceTree = "<group>"; };
		AB6822F41A805CD900E5E465 /* main.cpp */ = {isa = PBXFileReference; fileEncoding = 4; lastKnownFileType = sourcecode.cpp.cpp; path = main.cpp; sourceTree = "<group>"; };
		AB6822F51A805CD900E5E465 /* wordList.cpp */ = {isa = PBXFileReference; fileEncoding = 4; lastKnownFileType = sourcecode.cpp.cpp; path = wordList.cpp; sourceTree = "<group>"; };
		AB6822F61A805CD900E5E465 /* wordlist.h */ = {isa = PBXFileReference; fileEncoding = 4; lastKnownFileType = sourcecode.c.h; path = wordlist.h; sourceTree = "<group>"; };
/* End PBXFileReference section */

/* Begin PBXFrameworksBuildPhase section */
		AB6822E51A805BF700E5E465 /* Frameworks */ = {
			isa = PBXFrameworksBuildPhase;
			buildActionMask = 2147483647;
			files = (
			);
			runOnlyForDeploymentPostprocessing = 0;
		};
/* End PBXFrameworksBuildPhase section */

/* Begin PBXGroup section */
		AB6822DF1A805BF700E5E465 = {
			isa = PBXGroup;
			children = (
				AB6822EA1A805BF700E5E465 /* Word Search */,
				AB6822E91A805BF700E5E465 /* Products */,
			);
			sourceTree = "<group>";
		};
		AB6822E91A805BF700E5E465 /* Products */ = {
			isa = PBXGroup;
			children = (
				AB6822E81A805BF700E5E465 /* Word Search */,
			);
			name = Products;
			sourceTree = "<group>";
		};
		AB6822EA1A805BF700E5E465 /* Word Search */ = {
			isa = PBXGroup;
			children = (
				AB6822F21A805CD900E5E465 /* grid.cpp */,
				AB6822F31A805CD900E5E465 /* grid.h */,
				AB6822F41A805CD900E5E465 /* main.cpp */,
				AB19E7771A8406F400EFFF5A /* d_matrix.h */,
				AB19E7781A84083800EFFF5A /* d_except.h */,
				AB6822F51A805CD900E5E465 /* wordList.cpp */,
				AB6822F61A805CD900E5E465 /* wordlist.h */,
			);
			path = "Word Search";
			sourceTree = "<group>";
		};
/* End PBXGroup section */

/* Begin PBXNativeTarget section */
		AB6822E71A805BF700E5E465 /* Word Search */ = {
			isa = PBXNativeTarget;
			buildConfigurationList = AB6822EF1A805BF700E5E465 /* Build configuration list for PBXNativeTarget "Word Search" */;
			buildPhases = (
				AB6822E41A805BF700E5E465 /* Sources */,
				AB6822E51A805BF700E5E465 /* Frameworks */,
				AB6822E61A805BF700E5E465 /* CopyFiles */,
			);
			buildRules = (
			);
			dependencies = (
			);
			name = "Word Search";
			productName = "Word Search";
			productReference = AB6822E81A805BF700E5E465 /* Word Search */;
			productType = "com.apple.product-type.tool";
		};
/* End PBXNativeTarget section */

/* Begin PBXProject section */
		AB6822E01A805BF700E5E465 /* Project object */ = {
			isa = PBXProject;
			attributes = {
				LastUpgradeCheck = 0610;
				ORGANIZATIONNAME = "Zach and Andrew";
				TargetAttributes = {
					AB6822E71A805BF700E5E465 = {
						CreatedOnToolsVersion = 6.1.1;
					};
				};
			};
			buildConfigurationList = AB6822E31A805BF700E5E465 /* Build configuration list for PBXProject "Word Search" */;
			compatibilityVersion = "Xcode 3.2";
			developmentRegion = English;
			hasScannedForEncodings = 0;
			knownRegions = (
				en,
			);
			mainGroup = AB6822DF1A805BF700E5E465;
			productRefGroup = AB6822E91A805BF700E5E465 /* Products */;
			projectDirPath = "";
			projectRoot = "";
			targets = (
				AB6822E71A805BF700E5E465 /* Word Search */,
			);
		};
/* End PBXProject section */

/* Begin PBXSourcesBuildPhase section */
		AB6822E41A805BF700E5E465 /* Sources */ = {
			isa = PBXSourcesBuildPhase;
			buildActionMask = 2147483647;
			files = (
				AB6822F81A805CD900E5E465 /* main.cpp in Sources */,
				AB6822F91A805CD900E5E465 /* wordList.cpp in Sources */,
				AB6822F71A805CD900E5E465 /* grid.cpp in Sources */,
			);
			runOnlyForDeploymentPostprocessing = 0;
		};
/* End PBXSourcesBuildPhase section */

/* Begin XCBuildConfiguration section */
		AB6822ED1A805BF700E5E465 /* Debug */ = {
			isa = XCBuildConfiguration;
			buildSettings = {
				ALWAYS_SEARCH_USER_PATHS = NO;
				CLANG_CXX_LANGUAGE_STANDARD = "gnu++0x";
				CLANG_CXX_LIBRARY = "libc++";
				CLANG_ENABLE_MODULES = YES;
				CLANG_ENABLE_OBJC_ARC = YES;
				CLANG_WARN_BOOL_CONVERSION = YES;
				CLANG_WARN_CONSTANT_CONVERSION = YES;
				CLANG_WARN_DIRECT_OBJC_ISA_USAGE = YES_ERROR;
				CLANG_WARN_EMPTY_BODY = YES;
				CLANG_WARN_ENUM_CONVERSION = YES;
				CLANG_WARN_INT_CONVERSION = YES;
				CLANG_WARN_OBJC_ROOT_CLASS = YES_ERROR;
				CLANG_WARN_UNREACHABLE_CODE = YES;
				CLANG_WARN__DUPLICATE_METHOD_MATCH = YES;
				COPY_PHASE_STRIP = NO;
				ENABLE_STRICT_OBJC_MSGSEND = YES;
				GCC_C_LANGUAGE_STANDARD = gnu99;
				GCC_DYNAMIC_NO_PIC = NO;
				GCC_OPTIMIZATION_LEVEL = 0;
				GCC_PREPROCESSOR_DEFINITIONS = (
					"DEBUG=1",
					"$(inherited)",
				);
				GCC_SYMBOLS_PRIVATE_EXTERN = NO;
				GCC_WARN_64_TO_32_BIT_CONVERSION = YES;
				GCC_WARN_ABOUT_RETURN_TYPE = YES_ERROR;
				GCC_WARN_UNDECLARED_SELECTOR = YES;
				GCC_WARN_UNINITIALIZED_AUTOS = YES_AGGRESSIVE;
				GCC_WARN_UNUSED_FUNCTION = YES;
				GCC_WARN_UNUSED_VARIABLE = YES;
				MACOSX_DEPLOYMENT_TARGET = 10.10;
				MTL_ENABLE_DEBUG_INFO = YES;
				ONLY_ACTIVE_ARCH = YES;
				SDKROOT = macosx;
			};
			name = Debug;
		};
		AB6822EE1A805BF700E5E465 /* Release */ = {
			isa = XCBuildConfiguration;
			buildSettings = {
				ALWAYS_SEARCH_USER_PATHS = NO;
				CLANG_CXX_LANGUAGE_STANDARD = "gnu++0x";
				CLANG_CXX_LIBRARY = "libc++";
				CLANG_ENABLE_MODULES = YES;
				CLANG_ENABLE_OBJC_ARC = YES;
				CLANG_WARN_BOOL_CONVERSION = YES;
				CLANG_WARN_CONSTANT_CONVERSION = YES;
				CLANG_WARN_DIRECT_OBJC_ISA_USAGE = YES_ERROR;
				CLANG_WARN_EMPTY_BODY = YES;
				CLANG_WARN_ENUM_CONVERSION = YES;
				CLANG_WARN_INT_CONVERSION = YES;
				CLANG_WARN_OBJC_ROOT_CLASS = YES_ERROR;
				CLANG_WARN_UNREACHABLE_CODE = YES;
				CLANG_WARN__DUPLICATE_METHOD_MATCH = YES;
				COPY_PHASE_STRIP = YES;
				DEBUG_INFORMATION_FORMAT = "dwarf-with-dsym";
				ENABLE_NS_ASSERTIONS = NO;
				ENABLE_STRICT_OBJC_MSGSEND = YES;
				GCC_C_LANGUAGE_STANDARD = gnu99;
				GCC_WARN_64_TO_32_BIT_CONVERSION = YES;
				GCC_WARN_ABOUT_RETURN_TYPE = YES_ERROR;
				GCC_WARN_UNDECLARED_SELECTOR = YES;
				GCC_WARN_UNINITIALIZED_AUTOS = YES_AGGRESSIVE;
				GCC_WARN_UNUSED_FUNCTION = YES;
				GCC_WARN_UNUSED_VARIABLE = YES;
				MACOSX_DEPLOYMENT_TARGET = 10.10;
				MTL_ENABLE_DEBUG_INFO = NO;
				SDKROOT = macosx;
			};
			name = Release;
		};
		AB6822F01A805BF700E5E465 /* Debug */ = {
			isa = XCBuildConfiguration;
			buildSettings = {
				PRODUCT_NAME = "$(TARGET_NAME)";
			};
			name = Debug;
		};
		AB6822F11A805BF700E5E465 /* Release */ = {
			isa = XCBuildConfiguration;
			buildSettings = {
				PRODUCT_NAME = "$(TARGET_NAME)";
			};
			name = Release;
		};
/* End XCBuildConfiguration section */

/* Begin XCConfigurationList section */
		AB6822E31A805BF700E5E465 /* Build configuration list for PBXProject "Word Search" */ = {
			isa = XCConfigurationList;
			buildConfigurations = (
				AB6822ED1A805BF700E5E465 /* Debug */,
				AB6822EE1A805BF700E5E465 /* Release */,
			);
			defaultConfigurationIsVisible = 0;
			defaultConfigurationName = Release;
		};
		AB6822EF1A805BF700E5E465 /* Build configuration list for PBXNativeTarget "Word Search" */ = {
			isa = XCConfigurationList;
			buildConfigurations = (
				AB6822F01A805BF700E5E465 /* Debug */,
				AB6822F11A805BF700E5E465 /* Release */,
			);
			defaultConfigurationIsVisible = 0;
			defaultConfigurationName = Release;
		};
/* End XCConfigurationList section */
	};
	rootObject = AB6822E01A805BF700E5E465 /* Project object */;
}
